
Microsoft Visual Studio Solution File, Format Version 12.00
# Visual Studio Version 17
VisualStudioVersion = 17.1.32210.238
MinimumVisualStudioVersion = 10.0.40219.1
Project("{2150E333-8FDC-42A3-9474-1A3956D46DE8}") = "src", "src", "{4E695019-1CA4-45C4-B927-28C18CCC359F}"
EndProject
Project("{FAE04EC0-301F-11D3-BF4B-00C04F79EFBC}") = "jwtAuth", "src\jwtAuth\jwtAuth.csproj", "{C833FC96-75A3-454E-8A9A-FBBED12825B8}"
EndProject
Global
	GlobalSection(SolutionConfigurationPlatforms) = preSolution
		Debug|Any CPU = Debug|Any CPU
		Release|Any CPU = Release|Any CPU
	EndGlobalSection
	GlobalSection(ProjectConfigurationPlatforms) = postSolution
		{C833FC96-75A3-454E-8A9A-FBBED12825B8}.Debug|Any CPU.ActiveCfg = Debug|Any CPU
		{C833FC96-75A3-454E-8A9A-FBBED12825B8}.Debug|Any CPU.Build.0 = Debug|Any CPU
		{C833FC96-75A3-454E-8A9A-FBBED12825B8}.Release|Any CPU.ActiveCfg = Release|Any CPU
		{C833FC96-75A3-454E-8A9A-FBBED12825B8}.Release|Any CPU.Build.0 = Release|Any CPU
	EndGlobalSection
	GlobalSection(SolutionProperties) = preSolution
		HideSolutionNode = FALSE
	EndGlobalSection
	GlobalSection(NestedProjects) = preSolution
		{C833FC96-75A3-454E-8A9A-FBBED12825B8} = {4E695019-1CA4-45C4-B927-28C18CCC359F}
	EndGlobalSection
	GlobalSection(ExtensibilityGlobals) = postSolution
		SolutionGuid = {E3047C1A-C210-4653-87E1-1661CCA60C54}
	EndGlobalSection
EndGlobal
